
Microsoft Visual Studio Solution File, Format Version 12.00
Project("{FAE04EC0-301F-11D3-BF4B-00C04F79EFBC}") = "MagicT.Server", "Server\MagicT.Server.csproj", "{55278A45-7A58-46F4-AF06-6A9F0F25FE75}"
EndProject
Project("{FAE04EC0-301F-11D3-BF4B-00C04F79EFBC}") = "MagicT.Client", "Client\MagicT.Client.csproj", "{D64C1479-BA94-4A10-A9FF-802A6AAD2D09}"
EndProject
Project("{FAE04EC0-301F-11D3-BF4B-00C04F79EFBC}") = "MagicT.Shared", "Shared\MagicT.Shared.csproj", "{47D38821-2CBB-4DDC-87EB-986598E3EF11}"
EndProject
Global
	GlobalSection(SolutionConfigurationPlatforms) = preSolution
		Debug|Any CPU = Debug|Any CPU
		Release|Any CPU = Release|Any CPU
	EndGlobalSection
	GlobalSection(ProjectConfigurationPlatforms) = postSolution
		{55278A45-7A58-46F4-AF06-6A9F0F25FE75}.Debug|Any CPU.ActiveCfg = Debug|Any CPU
		{55278A45-7A58-46F4-AF06-6A9F0F25FE75}.Debug|Any CPU.Build.0 = Debug|Any CPU
		{55278A45-7A58-46F4-AF06-6A9F0F25FE75}.Release|Any CPU.ActiveCfg = Release|Any CPU
		{55278A45-7A58-46F4-AF06-6A9F0F25FE75}.Release|Any CPU.Build.0 = Release|Any CPU
		{D64C1479-BA94-4A10-A9FF-802A6AAD2D09}.Debug|Any CPU.ActiveCfg = Debug|Any CPU
		{D64C1479-BA94-4A10-A9FF-802A6AAD2D09}.Debug|Any CPU.Build.0 = Debug|Any CPU
		{D64C1479-BA94-4A10-A9FF-802A6AAD2D09}.Release|Any CPU.ActiveCfg = Release|Any CPU
		{D64C1479-BA94-4A10-A9FF-802A6AAD2D09}.Release|Any CPU.Build.0 = Release|Any CPU
		{47D38821-2CBB-4DDC-87EB-986598E3EF11}.Debug|Any CPU.ActiveCfg = Debug|Any CPU
		{47D38821-2CBB-4DDC-87EB-986598E3EF11}.Debug|Any CPU.Build.0 = Debug|Any CPU
		{47D38821-2CBB-4DDC-87EB-986598E3EF11}.Release|Any CPU.ActiveCfg = Release|Any CPU
		{47D38821-2CBB-4DDC-87EB-986598E3EF11}.Release|Any CPU.Build.0 = Release|Any CPU
	EndGlobalSection
EndGlobal
